
Microsoft Visual Studio Solution File, Format Version 12.00
# Visual Studio Version 16
VisualStudioVersion = 16.0.35325.158
MinimumVisualStudioVersion = 10.0.40219.1
Project("{FAE04EC0-301F-11D3-BF4B-00C04F79EFBC}") = "banhang", "banhang\banhang.csproj", "{2999EE35-2C7B-4954-B417-A49B70048D89}"
EndProject
Global
	GlobalSection(SolutionConfigurationPlatforms) = preSolution
		Debug|Any CPU = Debug|Any CPU
		Release|Any CPU = Release|Any CPU
	EndGlobalSection
	GlobalSection(ProjectConfigurationPlatforms) = postSolution
		{2999EE35-2C7B-4954-B417-A49B70048D89}.Debug|Any CPU.ActiveCfg = Debug|Any CPU
		{2999EE35-2C7B-4954-B417-A49B70048D89}.Debug|Any CPU.Build.0 = Debug|Any CPU
		{2999EE35-2C7B-4954-B417-A49B70048D89}.Release|Any CPU.ActiveCfg = Release|Any CPU
		{2999EE35-2C7B-4954-B417-A49B70048D89}.Release|Any CPU.Build.0 = Release|Any CPU
	EndGlobalSection
	GlobalSection(SolutionProperties) = preSolution
		HideSolutionNode = FALSE
	EndGlobalSection
	GlobalSection(ExtensibilityGlobals) = postSolution
		SolutionGuid = {2B3BA5DA-2406-4CFF-AEBA-B4B4A65C8F20}
	EndGlobalSection
EndGlobal
